{
  "version": 4,
  "terraform_version": "1.7.5",
  "serial": 242,
  "lineage": "e9a487ce-6749-de08-8f0c-98900278e86d",
  "outputs": {
    "data_manager_lambda_url": {
      "value": "https://yp5w6dttraoriw22lcv4hmukoi0lxopx.lambda-url.eu-west-2.on.aws/",
      "type": "string"
    }
  },
  "resources": [
    {
      "mode": "managed",
      "type": "null_resource",
      "name": "build_datamanager_lambda",
      "provider": "provider[\"registry.terraform.io/hashicorp/null\"]",
      "instances": [
        {
          "schema_version": 0,
          "attributes": {
            "id": "8531262020347797940",
            "triggers": {
              "always_run": "2025-11-21T21:26:27Z"
            }
          },
          "sensitive_attributes": []
        }
      ]
    },
    {
      "mode": "managed",
      "type": "null_resource",
      "name": "build_notificationservice_lambda",
      "provider": "provider[\"registry.terraform.io/hashicorp/null\"]",
      "instances": [
        {
          "schema_version": 0,
          "attributes": {
            "id": "139553102084232045",
            "triggers": {
              "always_run": "2025-11-21T21:26:27Z"
            }
          },
          "sensitive_attributes": []
        }
      ]
    },
    {
      "module": "module.data_manager_lambda",
      "mode": "data",
      "type": "archive_file",
      "name": "this",
      "provider": "provider[\"registry.terraform.io/hashicorp/archive\"]",
      "instances": [
        {
          "schema_version": 0,
          "attributes": {
            "exclude_symlink_directories": null,
            "excludes": null,
            "id": "685afedefdef5472a6e8b3c71aac5f37c34afb08",
            "output_base64sha256": "MQ9SToM4tqeFVXJkcjP6F+2EmGis0fD9B1K2pfPE6Aw=",
            "output_base64sha512": "9SDB57TkEAXawEeBx0EucTXHkEgKsoPZ/JsgEkjQW5jpmMxmSpr+SNlYvFMj1/BgNLKrj0vI4qTWwI4Nh/RBJw==",
            "output_file_mode": null,
            "output_md5": "9d673c208ff71224e5ebb55f99434023",
            "output_path": "./../src/RecipePlatform.DataManager/lambda.zip",
            "output_sha": "685afedefdef5472a6e8b3c71aac5f37c34afb08",
            "output_sha256": "310f524e8338b6a7855572647233fa17ed849868acd1f0fd0752b6a5f3c4e80c",
            "output_sha512": "f520c1e7b4e41005dac04781c7412e7135c790480ab283d9fc9b201248d05b98e998cc664a9afe48d958bc5323d7f06034b2ab8f4bc8e2a4d6c08e0d87f44127",
            "output_size": 2659892,
            "source": [],
            "source_content": null,
            "source_content_filename": null,
            "source_dir": "./../src/RecipePlatform.DataManager/publish",
            "source_file": null,
            "type": "zip"
          },
          "sensitive_attributes": []
        }
      ]
    },
    {
      "module": "module.data_manager_lambda",
      "mode": "data",
      "type": "aws_caller_identity",
      "name": "current",
      "provider": "provider[\"registry.terraform.io/hashicorp/aws\"]",
      "instances": [
        {
          "schema_version": 0,
          "attributes": {
            "account_id": "339713095147",
            "arn": "arn:aws:iam::339713095147:user/nouriach",
            "id": "339713095147",
            "user_id": "AIDAU6GD2OXVTSQB4NYX2"
          },
          "sensitive_attributes": []
        }
      ]
    },
    {
      "module": "module.data_manager_lambda",
      "mode": "data",
      "type": "aws_iam_policy_document",
      "name": "allow_dynamodb",
      "provider": "provider[\"registry.terraform.io/hashicorp/aws\"]",
      "instances": [
        {
          "schema_version": 0,
          "attributes": {
            "id": "2258235997",
            "json": "{\n  \"Version\": \"2012-10-17\",\n  \"Statement\": [\n    {\n      \"Effect\": \"Allow\",\n      \"Action\": [\n        \"dynamodb:UpdateItem\",\n        \"dynamodb:Scan\",\n        \"dynamodb:Query\",\n        \"dynamodb:PutItem\",\n        \"dynamodb:GetItem\",\n        \"dynamodb:BatchWriteItem\",\n        \"dynamodb:BatchGetItem\"\n      ],\n      \"Resource\": [\n        \"arn:aws:dynamodb:eu-west-2:339713095147:table/RecipesV2/index/*\",\n        \"arn:aws:dynamodb:eu-west-2:339713095147:table/RecipesV2\",\n        \"arn:aws:dynamodb:eu-west-2:339713095147:table/Recipes/index/*\",\n        \"arn:aws:dynamodb:eu-west-2:339713095147:table/Recipes\"\n      ]\n    }\n  ]\n}",
            "minified_json": "{\"Version\":\"2012-10-17\",\"Statement\":[{\"Effect\":\"Allow\",\"Action\":[\"dynamodb:UpdateItem\",\"dynamodb:Scan\",\"dynamodb:Query\",\"dynamodb:PutItem\",\"dynamodb:GetItem\",\"dynamodb:BatchWriteItem\",\"dynamodb:BatchGetItem\"],\"Resource\":[\"arn:aws:dynamodb:eu-west-2:339713095147:table/RecipesV2/index/*\",\"arn:aws:dynamodb:eu-west-2:339713095147:table/RecipesV2\",\"arn:aws:dynamodb:eu-west-2:339713095147:table/Recipes/index/*\",\"arn:aws:dynamodb:eu-west-2:339713095147:table/Recipes\"]}]}",
            "override_json": null,
            "override_policy_documents": null,
            "policy_id": null,
            "source_json": null,
            "source_policy_documents": null,
            "statement": [
              {
                "actions": [
                  "dynamodb:BatchGetItem",
                  "dynamodb:BatchWriteItem",
                  "dynamodb:GetItem",
                  "dynamodb:PutItem",
                  "dynamodb:Query",
                  "dynamodb:Scan",
                  "dynamodb:UpdateItem"
                ],
                "condition": [],
                "effect": "Allow",
                "not_actions": [],
                "not_principals": [],
                "not_resources": [],
                "principals": [],
                "resources": [
                  "arn:aws:dynamodb:eu-west-2:339713095147:table/Recipes",
                  "arn:aws:dynamodb:eu-west-2:339713095147:table/Recipes/index/*",
                  "arn:aws:dynamodb:eu-west-2:339713095147:table/RecipesV2",
                  "arn:aws:dynamodb:eu-west-2:339713095147:table/RecipesV2/index/*"
                ],
                "sid": ""
              }
            ],
            "version": "2012-10-17"
          },
          "sensitive_attributes": []
        }
      ]
    },
    {
      "module": "module.data_manager_lambda",
      "mode": "data",
      "type": "aws_iam_policy_document",
      "name": "allow_s3",
      "provider": "provider[\"registry.terraform.io/hashicorp/aws\"]",
      "instances": [
        {
          "schema_version": 0,
          "attributes": {
            "id": "4142647683",
            "json": "{\n  \"Version\": \"2012-10-17\",\n  \"Statement\": [\n    {\n      \"Effect\": \"Allow\",\n      \"Action\": [\n        \"s3:PutObject\",\n        \"s3:ListBucket\",\n        \"s3:GetObject\",\n        \"s3:DeleteObject\"\n      ],\n      \"Resource\": \"arn:aws:s3:::*\"\n    }\n  ]\n}",
            "minified_json": "{\"Version\":\"2012-10-17\",\"Statement\":[{\"Effect\":\"Allow\",\"Action\":[\"s3:PutObject\",\"s3:ListBucket\",\"s3:GetObject\",\"s3:DeleteObject\"],\"Resource\":\"arn:aws:s3:::*\"}]}",
            "override_json": null,
            "override_policy_documents": null,
            "policy_id": null,
            "source_json": null,
            "source_policy_documents": null,
            "statement": [
              {
                "actions": [
                  "s3:DeleteObject",
                  "s3:GetObject",
                  "s3:ListBucket",
                  "s3:PutObject"
                ],
                "condition": [],
                "effect": "Allow",
                "not_actions": [],
                "not_principals": [],
                "not_resources": [],
                "principals": [],
                "resources": [
                  "arn:aws:s3:::*"
                ],
                "sid": ""
              }
            ],
            "version": "2012-10-17"
          },
          "sensitive_attributes": []
        }
      ]
    },
    {
      "module": "module.data_manager_lambda",
      "mode": "data",
      "type": "aws_iam_policy_document",
      "name": "lambda_allow_logging",
      "provider": "provider[\"registry.terraform.io/hashicorp/aws\"]",
      "instances": [
        {
          "schema_version": 0,
          "attributes": {
            "id": "2282090607",
            "json": "{\n  \"Version\": \"2012-10-17\",\n  \"Id\": \"AllowLambdaPushLog\",\n  \"Statement\": [\n    {\n      \"Effect\": \"Allow\",\n      \"Action\": [\n        \"logs:PutLogEvents\",\n        \"logs:CreateLogStream\",\n        \"logs:CreateLogGroup\"\n      ],\n      \"Resource\": \"arn:aws:logs:*:*:*\"\n    }\n  ]\n}",
            "minified_json": "{\"Version\":\"2012-10-17\",\"Id\":\"AllowLambdaPushLog\",\"Statement\":[{\"Effect\":\"Allow\",\"Action\":[\"logs:PutLogEvents\",\"logs:CreateLogStream\",\"logs:CreateLogGroup\"],\"Resource\":\"arn:aws:logs:*:*:*\"}]}",
            "override_json": null,
            "override_policy_documents": null,
            "policy_id": "AllowLambdaPushLog",
            "source_json": null,
            "source_policy_documents": null,
            "statement": [
              {
                "actions": [
                  "logs:CreateLogGroup",
                  "logs:CreateLogStream",
                  "logs:PutLogEvents"
                ],
                "condition": [],
                "effect": "Allow",
                "not_actions": [],
                "not_principals": [],
                "not_resources": [],
                "principals": [],
                "resources": [
                  "arn:aws:logs:*:*:*"
                ],
                "sid": ""
              }
            ],
            "version": "2012-10-17"
          },
          "sensitive_attributes": []
        }
      ]
    },
    {
      "module": "module.data_manager_lambda",
      "mode": "data",
      "type": "aws_iam_policy_document",
      "name": "lambda_assume_role_policy",
      "provider": "provider[\"registry.terraform.io/hashicorp/aws\"]",
      "instances": [
        {
          "schema_version": 0,
          "attributes": {
            "id": "2690255455",
            "json": "{\n  \"Version\": \"2012-10-17\",\n  \"Statement\": [\n    {\n      \"Effect\": \"Allow\",\n      \"Action\": \"sts:AssumeRole\",\n      \"Principal\": {\n        \"Service\": \"lambda.amazonaws.com\"\n      }\n    }\n  ]\n}",
            "minified_json": "{\"Version\":\"2012-10-17\",\"Statement\":[{\"Effect\":\"Allow\",\"Action\":\"sts:AssumeRole\",\"Principal\":{\"Service\":\"lambda.amazonaws.com\"}}]}",
            "override_json": null,
            "override_policy_documents": null,
            "policy_id": null,
            "source_json": null,
            "source_policy_documents": null,
            "statement": [
              {
                "actions": [
                  "sts:AssumeRole"
                ],
                "condition": [],
                "effect": "Allow",
                "not_actions": [],
                "not_principals": [],
                "not_resources": [],
                "principals": [
                  {
                    "identifiers": [
                      "lambda.amazonaws.com"
                    ],
                    "type": "Service"
                  }
                ],
                "resources": [],
                "sid": ""
              }
            ],
            "version": "2012-10-17"
          },
          "sensitive_attributes": []
        }
      ]
    },
    {
      "module": "module.data_manager_lambda",
      "mode": "data",
      "type": "aws_iam_policy_document",
      "name": "ssm_read",
      "provider": "provider[\"registry.terraform.io/hashicorp/aws\"]",
      "instances": [
        {
          "schema_version": 0,
          "attributes": {
            "id": "2414938359",
            "json": "{\n  \"Version\": \"2012-10-17\",\n  \"Statement\": [\n    {\n      \"Effect\": \"Allow\",\n      \"Action\": [\n        \"ssm:GetParametersByPath\",\n        \"ssm:GetParameters\",\n        \"ssm:GetParameter\"\n      ],\n      \"Resource\": \"arn:aws:ssm:eu-west-2:339713095147:parameter/email/*\"\n    }\n  ]\n}",
            "minified_json": "{\"Version\":\"2012-10-17\",\"Statement\":[{\"Effect\":\"Allow\",\"Action\":[\"ssm:GetParametersByPath\",\"ssm:GetParameters\",\"ssm:GetParameter\"],\"Resource\":\"arn:aws:ssm:eu-west-2:339713095147:parameter/email/*\"}]}",
            "override_json": null,
            "override_policy_documents": null,
            "policy_id": null,
            "source_json": null,
            "source_policy_documents": null,
            "statement": [
              {
                "actions": [
                  "ssm:GetParameter",
                  "ssm:GetParameters",
                  "ssm:GetParametersByPath"
                ],
                "condition": [],
                "effect": "Allow",
                "not_actions": [],
                "not_principals": [],
                "not_resources": [],
                "principals": [],
                "resources": [
                  "arn:aws:ssm:eu-west-2:339713095147:parameter/email/*"
                ],
                "sid": ""
              }
            ],
            "version": "2012-10-17"
          },
          "sensitive_attributes": []
        }
      ]
    },
    {
      "module": "module.data_manager_lambda",
      "mode": "data",
      "type": "aws_region",
      "name": "current",
      "provider": "provider[\"registry.terraform.io/hashicorp/aws\"]",
      "instances": [
        {
          "schema_version": 0,
          "attributes": {
            "description": "Europe (London)",
            "endpoint": "ec2.eu-west-2.amazonaws.com",
            "id": "eu-west-2",
            "name": "eu-west-2",
            "region": "eu-west-2"
          },
          "sensitive_attributes": []
        }
      ]
    },
    {
      "module": "module.data_manager_lambda",
      "mode": "managed",
      "type": "aws_iam_policy",
      "name": "recipeplatform_lambda_logging",
      "provider": "provider[\"registry.terraform.io/hashicorp/aws\"]",
      "instances": [
        {
          "schema_version": 0,
          "attributes": {
            "arn": "arn:aws:iam::339713095147:policy/datamanager_cloudwatch",
            "attachment_count": 1,
            "description": "",
            "id": "arn:aws:iam::339713095147:policy/datamanager_cloudwatch",
            "name": "datamanager_cloudwatch",
            "name_prefix": "",
            "path": "/",
            "policy": "{\"Id\":\"AllowLambdaPushLog\",\"Statement\":[{\"Action\":[\"logs:PutLogEvents\",\"logs:CreateLogStream\",\"logs:CreateLogGroup\"],\"Effect\":\"Allow\",\"Resource\":\"arn:aws:logs:*:*:*\"}],\"Version\":\"2012-10-17\"}",
            "policy_id": "ANPAU6GD2OXVXXA6ADDV3",
            "tags": {},
            "tags_all": {}
          },
          "sensitive_attributes": [],
          "private": "bnVsbA==",
          "dependencies": [
            "module.data_manager_lambda.data.aws_iam_policy_document.lambda_allow_logging"
          ]
        }
      ]
    },
    {
      "module": "module.data_manager_lambda",
      "mode": "managed",
      "type": "aws_iam_policy",
      "name": "recipeplatform_lambda_s3",
      "provider": "provider[\"registry.terraform.io/hashicorp/aws\"]",
      "instances": [
        {
          "schema_version": 0,
          "attributes": {
            "arn": "arn:aws:iam::339713095147:policy/datamanager_s3",
            "attachment_count": 1,
            "description": "",
            "id": "arn:aws:iam::339713095147:policy/datamanager_s3",
            "name": "datamanager_s3",
            "name_prefix": "",
            "path": "/",
            "policy": "{\"Statement\":[{\"Action\":[\"s3:PutObject\",\"s3:ListBucket\",\"s3:GetObject\",\"s3:DeleteObject\"],\"Effect\":\"Allow\",\"Resource\":\"arn:aws:s3:::*\"}],\"Version\":\"2012-10-17\"}",
            "policy_id": "ANPAU6GD2OXVZDQOXZBND",
            "tags": {},
            "tags_all": {}
          },
          "sensitive_attributes": [],
          "private": "bnVsbA==",
          "dependencies": [
            "module.data_manager_lambda.data.aws_iam_policy_document.allow_s3"
          ]
        }
      ]
    },
    {
      "module": "module.data_manager_lambda",
      "mode": "managed",
      "type": "aws_iam_role",
      "name": "recipeplatform_iam_role",
      "provider": "provider[\"registry.terraform.io/hashicorp/aws\"]",
      "instances": [
        {
          "schema_version": 0,
          "attributes": {
            "arn": "arn:aws:iam::339713095147:role/datamanager_lambda",
            "assume_role_policy": "{\"Statement\":[{\"Action\":\"sts:AssumeRole\",\"Effect\":\"Allow\",\"Principal\":{\"Service\":\"lambda.amazonaws.com\"}}],\"Version\":\"2012-10-17\"}",
            "create_date": "2025-11-21T20:49:36Z",
            "description": "",
            "force_detach_policies": false,
            "id": "datamanager_lambda",
            "inline_policy": [
              {
                "name": "datamanager_dynamodb",
                "policy": "{\"Version\":\"2012-10-17\",\"Statement\":[{\"Action\":[\"dynamodb:UpdateItem\",\"dynamodb:Scan\",\"dynamodb:Query\",\"dynamodb:PutItem\",\"dynamodb:GetItem\",\"dynamodb:BatchWriteItem\",\"dynamodb:BatchGetItem\"],\"Effect\":\"Allow\",\"Resource\":[\"arn:aws:dynamodb:eu-west-2:339713095147:table/RecipesV2/index/*\",\"arn:aws:dynamodb:eu-west-2:339713095147:table/RecipesV2\",\"arn:aws:dynamodb:eu-west-2:339713095147:table/Recipes/index/*\",\"arn:aws:dynamodb:eu-west-2:339713095147:table/Recipes\"]}]}"
              }
            ],
            "managed_policy_arns": [
              "arn:aws:iam::339713095147:policy/datamanager_cloudwatch",
              "arn:aws:iam::339713095147:policy/datamanager_s3"
            ],
            "max_session_duration": 3600,
            "name": "datamanager_lambda",
            "name_prefix": "",
            "path": "/",
            "permissions_boundary": "",
            "tags": {},
            "tags_all": {},
            "unique_id": "AROAU6GD2OXV3YHCU3ZSH"
          },
          "sensitive_attributes": [],
          "private": "bnVsbA==",
          "dependencies": [
            "module.data_manager_lambda.data.aws_iam_policy_document.lambda_assume_role_policy"
          ]
        }
      ]
    },
    {
      "module": "module.data_manager_lambda",
      "mode": "managed",
      "type": "aws_iam_role_policy",
      "name": "recipeplatform_lambda_dynamodb",
      "provider": "provider[\"registry.terraform.io/hashicorp/aws\"]",
      "instances": [
        {
          "schema_version": 0,
          "attributes": {
            "id": "datamanager_lambda:datamanager_dynamodb",
            "name": "datamanager_dynamodb",
            "name_prefix": "",
            "policy": "{\"Version\":\"2012-10-17\",\"Statement\":[{\"Action\":[\"dynamodb:UpdateItem\",\"dynamodb:Scan\",\"dynamodb:Query\",\"dynamodb:PutItem\",\"dynamodb:GetItem\",\"dynamodb:BatchWriteItem\",\"dynamodb:BatchGetItem\"],\"Effect\":\"Allow\",\"Resource\":[\"arn:aws:dynamodb:eu-west-2:339713095147:table/RecipesV2/index/*\",\"arn:aws:dynamodb:eu-west-2:339713095147:table/RecipesV2\",\"arn:aws:dynamodb:eu-west-2:339713095147:table/Recipes/index/*\",\"arn:aws:dynamodb:eu-west-2:339713095147:table/Recipes\"]}]}",
            "role": "datamanager_lambda"
          },
          "sensitive_attributes": [],
          "private": "bnVsbA==",
          "dependencies": [
            "module.data_manager_lambda.aws_iam_role.recipeplatform_iam_role",
            "module.data_manager_lambda.data.aws_caller_identity.current",
            "module.data_manager_lambda.data.aws_iam_policy_document.allow_dynamodb",
            "module.data_manager_lambda.data.aws_iam_policy_document.lambda_assume_role_policy",
            "module.data_manager_lambda.data.aws_region.current"
          ]
        }
      ]
    },
    {
      "module": "module.data_manager_lambda",
      "mode": "managed",
      "type": "aws_iam_role_policy",
      "name": "recipeplatform_lambda_ssm",
      "provider": "provider[\"registry.terraform.io/hashicorp/aws\"]",
      "instances": [
        {
          "schema_version": 0,
          "attributes": {
            "id": "datamanager_lambda:datamanager_ssm",
            "name": "datamanager_ssm",
            "name_prefix": "",
            "policy": "{\"Version\":\"2012-10-17\",\"Statement\":[{\"Action\":[\"ssm:GetParametersByPath\",\"ssm:GetParameters\",\"ssm:GetParameter\"],\"Effect\":\"Allow\",\"Resource\":\"arn:aws:ssm:eu-west-2:339713095147:parameter/email/*\"}]}",
            "role": "datamanager_lambda"
          },
          "sensitive_attributes": [],
          "private": "bnVsbA==",
          "dependencies": [
            "module.data_manager_lambda.aws_iam_role.recipeplatform_iam_role",
            "module.data_manager_lambda.data.aws_iam_policy_document.lambda_assume_role_policy",
            "module.data_manager_lambda.data.aws_iam_policy_document.ssm_read"
          ]
        }
      ]
    },
    {
      "module": "module.data_manager_lambda",
      "mode": "managed",
      "type": "aws_iam_role_policy_attachment",
      "name": "lambda_logging_policy_attachment",
      "provider": "provider[\"registry.terraform.io/hashicorp/aws\"]",
      "instances": [
        {
          "schema_version": 0,
          "attributes": {
            "id": "datamanager_lambda/arn:aws:iam::339713095147:policy/datamanager_cloudwatch",
            "policy_arn": "arn:aws:iam::339713095147:policy/datamanager_cloudwatch",
            "role": "datamanager_lambda"
          },
          "sensitive_attributes": [],
          "private": "bnVsbA==",
          "dependencies": [
            "module.data_manager_lambda.aws_iam_policy.recipeplatform_lambda_logging",
            "module.data_manager_lambda.aws_iam_role.recipeplatform_iam_role",
            "module.data_manager_lambda.data.aws_iam_policy_document.lambda_allow_logging",
            "module.data_manager_lambda.data.aws_iam_policy_document.lambda_assume_role_policy"
          ]
        }
      ]
    },
    {
      "module": "module.data_manager_lambda",
      "mode": "managed",
      "type": "aws_iam_role_policy_attachment",
      "name": "lambda_s3_policy_attachment",
      "provider": "provider[\"registry.terraform.io/hashicorp/aws\"]",
      "instances": [
        {
          "schema_version": 0,
          "attributes": {
            "id": "datamanager_lambda/arn:aws:iam::339713095147:policy/datamanager_s3",
            "policy_arn": "arn:aws:iam::339713095147:policy/datamanager_s3",
            "role": "datamanager_lambda"
          },
          "sensitive_attributes": [],
          "private": "bnVsbA==",
          "dependencies": [
            "module.data_manager_lambda.aws_iam_policy.recipeplatform_lambda_s3",
            "module.data_manager_lambda.aws_iam_role.recipeplatform_iam_role",
            "module.data_manager_lambda.data.aws_iam_policy_document.allow_s3",
            "module.data_manager_lambda.data.aws_iam_policy_document.lambda_assume_role_policy"
          ]
        }
      ]
    },
    {
      "module": "module.data_manager_lambda",
      "mode": "managed",
      "type": "aws_lambda_function",
      "name": "this",
      "provider": "provider[\"registry.terraform.io/hashicorp/aws\"]",
      "instances": [
        {
          "schema_version": 0,
          "attributes": {
            "architectures": [
              "x86_64"
            ],
            "arn": "arn:aws:lambda:eu-west-2:339713095147:function:recipeplatform-datamanager",
            "code_sha256": "MQ9SToM4tqeFVXJkcjP6F+2EmGis0fD9B1K2pfPE6Aw=",
            "code_signing_config_arn": "",
            "dead_letter_config": [],
            "description": "",
            "environment": [],
            "ephemeral_storage": [
              {
                "size": 512
              }
            ],
            "file_system_config": [],
            "filename": "./../src/RecipePlatform.DataManager/lambda.zip",
            "function_name": "recipeplatform-datamanager",
            "handler": "RecipePlatform.DataManager",
            "id": "recipeplatform-datamanager",
            "image_config": [],
            "image_uri": "",
            "invoke_arn": "arn:aws:apigateway:eu-west-2:lambda:path/2015-03-31/functions/arn:aws:lambda:eu-west-2:339713095147:function:recipeplatform-datamanager/invocations",
            "kms_key_arn": "",
            "last_modified": "2025-11-21T21:26:44.000+0000",
            "layers": [],
            "logging_config": [
              {
                "application_log_level": "",
                "log_format": "Text",
                "log_group": "/aws/lambda/recipeplatform-datamanager",
                "system_log_level": ""
              }
            ],
            "memory_size": 512,
            "package_type": "Zip",
            "publish": true,
            "qualified_arn": "arn:aws:lambda:eu-west-2:339713095147:function:recipeplatform-datamanager:31",
            "qualified_invoke_arn": "arn:aws:apigateway:eu-west-2:lambda:path/2015-03-31/functions/arn:aws:lambda:eu-west-2:339713095147:function:recipeplatform-datamanager:31/invocations",
            "region": "eu-west-2",
            "replace_security_groups_on_destroy": null,
            "replacement_security_group_ids": null,
            "reserved_concurrent_executions": -1,
            "role": "arn:aws:iam::339713095147:role/datamanager_lambda",
            "runtime": "dotnet8",
            "s3_bucket": null,
            "s3_key": null,
            "s3_object_version": null,
            "signing_job_arn": "",
            "signing_profile_version_arn": "",
            "skip_destroy": false,
            "snap_start": [],
            "source_code_hash": "MQ9SToM4tqeFVXJkcjP6F+2EmGis0fD9B1K2pfPE6Aw=",
            "source_code_size": 2659892,
            "source_kms_key_arn": "",
            "tags": {},
            "tags_all": {},
            "timeout": 15,
            "timeouts": null,
            "tracing_config": [
              {
                "mode": "PassThrough"
              }
            ],
            "version": "31",
            "vpc_config": []
          },
          "sensitive_attributes": [],
          "private": "eyJlMmJmYjczMC1lY2FhLTExZTYtOGY4OC0zNDM2M2JjN2M0YzAiOnsiY3JlYXRlIjo2MDAwMDAwMDAwMDAsImRlbGV0ZSI6NjAwMDAwMDAwMDAwLCJ1cGRhdGUiOjYwMDAwMDAwMDAwMH19",
          "dependencies": [
            "module.data_manager_lambda.aws_iam_policy.recipeplatform_lambda_logging",
            "module.data_manager_lambda.aws_iam_policy.recipeplatform_lambda_s3",
            "module.data_manager_lambda.aws_iam_role.recipeplatform_iam_role",
            "module.data_manager_lambda.aws_iam_role_policy_attachment.lambda_logging_policy_attachment",
            "module.data_manager_lambda.aws_iam_role_policy_attachment.lambda_s3_policy_attachment",
            "module.data_manager_lambda.data.archive_file.this",
            "module.data_manager_lambda.data.aws_iam_policy_document.allow_s3",
            "module.data_manager_lambda.data.aws_iam_policy_document.lambda_allow_logging",
            "module.data_manager_lambda.data.aws_iam_policy_document.lambda_assume_role_policy",
            "null_resource.build_datamanager_lambda"
          ]
        }
      ]
    },
    {
      "module": "module.data_manager_lambda",
      "mode": "managed",
      "type": "aws_lambda_function_url",
      "name": "this",
      "provider": "provider[\"registry.terraform.io/hashicorp/aws\"]",
      "instances": [
        {
          "schema_version": 0,
          "attributes": {
            "authorization_type": "NONE",
            "cors": [],
            "function_arn": "arn:aws:lambda:eu-west-2:339713095147:function:recipeplatform-datamanager",
            "function_name": "recipeplatform-datamanager",
            "function_url": "https://yp5w6dttraoriw22lcv4hmukoi0lxopx.lambda-url.eu-west-2.on.aws/",
            "id": "recipeplatform-datamanager",
            "invoke_mode": "BUFFERED",
            "qualifier": "",
            "region": "eu-west-2",
            "timeouts": null,
            "url_id": "yp5w6dttraoriw22lcv4hmukoi0lxopx"
          },
          "sensitive_attributes": [],
          "private": "eyJlMmJmYjczMC1lY2FhLTExZTYtOGY4OC0zNDM2M2JjN2M0YzAiOnsiY3JlYXRlIjo2MDAwMDAwMDAwMDB9fQ==",
          "dependencies": [
            "module.data_manager_lambda.aws_iam_policy.recipeplatform_lambda_logging",
            "module.data_manager_lambda.aws_iam_policy.recipeplatform_lambda_s3",
            "module.data_manager_lambda.aws_iam_role.recipeplatform_iam_role",
            "module.data_manager_lambda.aws_iam_role_policy_attachment.lambda_logging_policy_attachment",
            "module.data_manager_lambda.aws_iam_role_policy_attachment.lambda_s3_policy_attachment",
            "module.data_manager_lambda.aws_lambda_function.this",
            "module.data_manager_lambda.data.archive_file.this",
            "module.data_manager_lambda.data.aws_iam_policy_document.allow_s3",
            "module.data_manager_lambda.data.aws_iam_policy_document.lambda_allow_logging",
            "module.data_manager_lambda.data.aws_iam_policy_document.lambda_assume_role_policy",
            "null_resource.build_datamanager_lambda"
          ]
        }
      ]
    },
    {
      "module": "module.data_manager_s3",
      "mode": "managed",
      "type": "aws_s3_bucket",
      "name": "this",
      "provider": "provider[\"registry.terraform.io/hashicorp/aws\"]",
      "instances": [
        {
          "schema_version": 0,
          "attributes": {
            "acceleration_status": "",
            "acl": null,
            "arn": "arn:aws:s3:::weekly-recipe-recommendations",
            "bucket": "weekly-recipe-recommendations",
            "bucket_domain_name": "weekly-recipe-recommendations.s3.amazonaws.com",
            "bucket_prefix": "",
            "bucket_region": "eu-west-2",
            "bucket_regional_domain_name": "weekly-recipe-recommendations.s3.eu-west-2.amazonaws.com",
            "cors_rule": [],
            "force_destroy": false,
            "grant": [
              {
                "id": "bbd7f5cdb9b0da8c127a4a28094bbebd3365e2a3ec4544d945b4d14d72c7f5cf",
                "permissions": [
                  "FULL_CONTROL"
                ],
                "type": "CanonicalUser",
                "uri": ""
              }
            ],
            "hosted_zone_id": "Z3GKZC51ZF0DB4",
            "id": "weekly-recipe-recommendations",
            "lifecycle_rule": [],
            "logging": [],
            "object_lock_configuration": [],
            "object_lock_enabled": false,
            "policy": "",
            "region": "eu-west-2",
            "replication_configuration": [],
            "request_payer": "BucketOwner",
            "server_side_encryption_configuration": [
              {
                "rule": [
                  {
                    "apply_server_side_encryption_by_default": [
                      {
                        "kms_master_key_id": "",
                        "sse_algorithm": "AES256"
                      }
                    ],
                    "bucket_key_enabled": false
                  }
                ]
              }
            ],
            "tags": {},
            "tags_all": {},
            "timeouts": null,
            "versioning": [
              {
                "enabled": false,
                "mfa_delete": false
              }
            ],
            "website": [],
            "website_domain": null,
            "website_endpoint": null
          },
          "sensitive_attributes": [],
          "private": "eyJlMmJmYjczMC1lY2FhLTExZTYtOGY4OC0zNDM2M2JjN2M0YzAiOnsiY3JlYXRlIjoxMjAwMDAwMDAwMDAwLCJkZWxldGUiOjM2MDAwMDAwMDAwMDAsInJlYWQiOjEyMDAwMDAwMDAwMDAsInVwZGF0ZSI6MTIwMDAwMDAwMDAwMH19"
        }
      ]
    },
    {
      "module": "module.notification_service_lambda",
      "mode": "data",
      "type": "archive_file",
      "name": "this",
      "provider": "provider[\"registry.terraform.io/hashicorp/archive\"]",
      "instances": [
        {
          "schema_version": 0,
          "attributes": {
            "exclude_symlink_directories": null,
            "excludes": null,
            "id": "21cf07dd4946cea4cf1edcbbf0457f2668d262e1",
            "output_base64sha256": "9l59KE2ztAycH0WDQU0epVZ6tgUtc+nlugxAANoMtIk=",
            "output_base64sha512": "87v0hWnqH4oP+xcIe8zFcBFITp8jNjpKnbLN+HVLT+YvomkhcXh7CWIpiTAhNqx+WjpyvPOZplKXbtOVttLKzw==",
            "output_file_mode": null,
            "output_md5": "4001bf323d25f92ee27ce9d5c0e80b79",
            "output_path": "./../src/RecipePlatform.NotificationService/lambda.zip",
            "output_sha": "21cf07dd4946cea4cf1edcbbf0457f2668d262e1",
            "output_sha256": "f65e7d284db3b40c9c1f4583414d1ea5567ab6052d73e9e5ba0c4000da0cb489",
            "output_sha512": "f3bbf48569ea1f8a0ffb17087bccc57011484e9f23363a4a9db2cdf8754b4fe62fa2692171787b09622989302136ac7e5a3a72bcf399a652976ed395b6d2cacf",
            "output_size": 1426889,
            "source": [],
            "source_content": null,
            "source_content_filename": null,
            "source_dir": "./../src/RecipePlatform.NotificationService/publish",
            "source_file": null,
            "type": "zip"
          },
          "sensitive_attributes": []
        }
      ]
    },
    {
      "module": "module.notification_service_lambda",
      "mode": "data",
      "type": "aws_caller_identity",
      "name": "current",
      "provider": "provider[\"registry.terraform.io/hashicorp/aws\"]",
      "instances": [
        {
          "schema_version": 0,
          "attributes": {
            "account_id": "339713095147",
            "arn": "arn:aws:iam::339713095147:user/nouriach",
            "id": "339713095147",
            "user_id": "AIDAU6GD2OXVTSQB4NYX2"
          },
          "sensitive_attributes": []
        }
      ]
    },
    {
      "module": "module.notification_service_lambda",
      "mode": "data",
      "type": "aws_iam_policy_document",
      "name": "allow_dynamodb",
      "provider": "provider[\"registry.terraform.io/hashicorp/aws\"]",
      "instances": [
        {
          "schema_version": 0,
          "attributes": {
            "id": "2258235997",
            "json": "{\n  \"Version\": \"2012-10-17\",\n  \"Statement\": [\n    {\n      \"Effect\": \"Allow\",\n      \"Action\": [\n        \"dynamodb:UpdateItem\",\n        \"dynamodb:Scan\",\n        \"dynamodb:Query\",\n        \"dynamodb:PutItem\",\n        \"dynamodb:GetItem\",\n        \"dynamodb:BatchWriteItem\",\n        \"dynamodb:BatchGetItem\"\n      ],\n      \"Resource\": [\n        \"arn:aws:dynamodb:eu-west-2:339713095147:table/RecipesV2/index/*\",\n        \"arn:aws:dynamodb:eu-west-2:339713095147:table/RecipesV2\",\n        \"arn:aws:dynamodb:eu-west-2:339713095147:table/Recipes/index/*\",\n        \"arn:aws:dynamodb:eu-west-2:339713095147:table/Recipes\"\n      ]\n    }\n  ]\n}",
            "minified_json": "{\"Version\":\"2012-10-17\",\"Statement\":[{\"Effect\":\"Allow\",\"Action\":[\"dynamodb:UpdateItem\",\"dynamodb:Scan\",\"dynamodb:Query\",\"dynamodb:PutItem\",\"dynamodb:GetItem\",\"dynamodb:BatchWriteItem\",\"dynamodb:BatchGetItem\"],\"Resource\":[\"arn:aws:dynamodb:eu-west-2:339713095147:table/RecipesV2/index/*\",\"arn:aws:dynamodb:eu-west-2:339713095147:table/RecipesV2\",\"arn:aws:dynamodb:eu-west-2:339713095147:table/Recipes/index/*\",\"arn:aws:dynamodb:eu-west-2:339713095147:table/Recipes\"]}]}",
            "override_json": null,
            "override_policy_documents": null,
            "policy_id": null,
            "source_json": null,
            "source_policy_documents": null,
            "statement": [
              {
                "actions": [
                  "dynamodb:BatchGetItem",
                  "dynamodb:BatchWriteItem",
                  "dynamodb:GetItem",
                  "dynamodb:PutItem",
                  "dynamodb:Query",
                  "dynamodb:Scan",
                  "dynamodb:UpdateItem"
                ],
                "condition": [],
                "effect": "Allow",
                "not_actions": [],
                "not_principals": [],
                "not_resources": [],
                "principals": [],
                "resources": [
                  "arn:aws:dynamodb:eu-west-2:339713095147:table/Recipes",
                  "arn:aws:dynamodb:eu-west-2:339713095147:table/Recipes/index/*",
                  "arn:aws:dynamodb:eu-west-2:339713095147:table/RecipesV2",
                  "arn:aws:dynamodb:eu-west-2:339713095147:table/RecipesV2/index/*"
                ],
                "sid": ""
              }
            ],
            "version": "2012-10-17"
          },
          "sensitive_attributes": []
        }
      ]
    },
    {
      "module": "module.notification_service_lambda",
      "mode": "data",
      "type": "aws_iam_policy_document",
      "name": "allow_s3",
      "provider": "provider[\"registry.terraform.io/hashicorp/aws\"]",
      "instances": [
        {
          "schema_version": 0,
          "attributes": {
            "id": "4142647683",
            "json": "{\n  \"Version\": \"2012-10-17\",\n  \"Statement\": [\n    {\n      \"Effect\": \"Allow\",\n      \"Action\": [\n        \"s3:PutObject\",\n        \"s3:ListBucket\",\n        \"s3:GetObject\",\n        \"s3:DeleteObject\"\n      ],\n      \"Resource\": \"arn:aws:s3:::*\"\n    }\n  ]\n}",
            "minified_json": "{\"Version\":\"2012-10-17\",\"Statement\":[{\"Effect\":\"Allow\",\"Action\":[\"s3:PutObject\",\"s3:ListBucket\",\"s3:GetObject\",\"s3:DeleteObject\"],\"Resource\":\"arn:aws:s3:::*\"}]}",
            "override_json": null,
            "override_policy_documents": null,
            "policy_id": null,
            "source_json": null,
            "source_policy_documents": null,
            "statement": [
              {
                "actions": [
                  "s3:DeleteObject",
                  "s3:GetObject",
                  "s3:ListBucket",
                  "s3:PutObject"
                ],
                "condition": [],
                "effect": "Allow",
                "not_actions": [],
                "not_principals": [],
                "not_resources": [],
                "principals": [],
                "resources": [
                  "arn:aws:s3:::*"
                ],
                "sid": ""
              }
            ],
            "version": "2012-10-17"
          },
          "sensitive_attributes": []
        }
      ]
    },
    {
      "module": "module.notification_service_lambda",
      "mode": "data",
      "type": "aws_iam_policy_document",
      "name": "lambda_allow_logging",
      "provider": "provider[\"registry.terraform.io/hashicorp/aws\"]",
      "instances": [
        {
          "schema_version": 0,
          "attributes": {
            "id": "2282090607",
            "json": "{\n  \"Version\": \"2012-10-17\",\n  \"Id\": \"AllowLambdaPushLog\",\n  \"Statement\": [\n    {\n      \"Effect\": \"Allow\",\n      \"Action\": [\n        \"logs:PutLogEvents\",\n        \"logs:CreateLogStream\",\n        \"logs:CreateLogGroup\"\n      ],\n      \"Resource\": \"arn:aws:logs:*:*:*\"\n    }\n  ]\n}",
            "minified_json": "{\"Version\":\"2012-10-17\",\"Id\":\"AllowLambdaPushLog\",\"Statement\":[{\"Effect\":\"Allow\",\"Action\":[\"logs:PutLogEvents\",\"logs:CreateLogStream\",\"logs:CreateLogGroup\"],\"Resource\":\"arn:aws:logs:*:*:*\"}]}",
            "override_json": null,
            "override_policy_documents": null,
            "policy_id": "AllowLambdaPushLog",
            "source_json": null,
            "source_policy_documents": null,
            "statement": [
              {
                "actions": [
                  "logs:CreateLogGroup",
                  "logs:CreateLogStream",
                  "logs:PutLogEvents"
                ],
                "condition": [],
                "effect": "Allow",
                "not_actions": [],
                "not_principals": [],
                "not_resources": [],
                "principals": [],
                "resources": [
                  "arn:aws:logs:*:*:*"
                ],
                "sid": ""
              }
            ],
            "version": "2012-10-17"
          },
          "sensitive_attributes": []
        }
      ]
    },
    {
      "module": "module.notification_service_lambda",
      "mode": "data",
      "type": "aws_iam_policy_document",
      "name": "lambda_assume_role_policy",
      "provider": "provider[\"registry.terraform.io/hashicorp/aws\"]",
      "instances": [
        {
          "schema_version": 0,
          "attributes": {
            "id": "2690255455",
            "json": "{\n  \"Version\": \"2012-10-17\",\n  \"Statement\": [\n    {\n      \"Effect\": \"Allow\",\n      \"Action\": \"sts:AssumeRole\",\n      \"Principal\": {\n        \"Service\": \"lambda.amazonaws.com\"\n      }\n    }\n  ]\n}",
            "minified_json": "{\"Version\":\"2012-10-17\",\"Statement\":[{\"Effect\":\"Allow\",\"Action\":\"sts:AssumeRole\",\"Principal\":{\"Service\":\"lambda.amazonaws.com\"}}]}",
            "override_json": null,
            "override_policy_documents": null,
            "policy_id": null,
            "source_json": null,
            "source_policy_documents": null,
            "statement": [
              {
                "actions": [
                  "sts:AssumeRole"
                ],
                "condition": [],
                "effect": "Allow",
                "not_actions": [],
                "not_principals": [],
                "not_resources": [],
                "principals": [
                  {
                    "identifiers": [
                      "lambda.amazonaws.com"
                    ],
                    "type": "Service"
                  }
                ],
                "resources": [],
                "sid": ""
              }
            ],
            "version": "2012-10-17"
          },
          "sensitive_attributes": []
        }
      ]
    },
    {
      "module": "module.notification_service_lambda",
      "mode": "data",
      "type": "aws_iam_policy_document",
      "name": "ssm_read",
      "provider": "provider[\"registry.terraform.io/hashicorp/aws\"]",
      "instances": [
        {
          "schema_version": 0,
          "attributes": {
            "id": "2414938359",
            "json": "{\n  \"Version\": \"2012-10-17\",\n  \"Statement\": [\n    {\n      \"Effect\": \"Allow\",\n      \"Action\": [\n        \"ssm:GetParametersByPath\",\n        \"ssm:GetParameters\",\n        \"ssm:GetParameter\"\n      ],\n      \"Resource\": \"arn:aws:ssm:eu-west-2:339713095147:parameter/email/*\"\n    }\n  ]\n}",
            "minified_json": "{\"Version\":\"2012-10-17\",\"Statement\":[{\"Effect\":\"Allow\",\"Action\":[\"ssm:GetParametersByPath\",\"ssm:GetParameters\",\"ssm:GetParameter\"],\"Resource\":\"arn:aws:ssm:eu-west-2:339713095147:parameter/email/*\"}]}",
            "override_json": null,
            "override_policy_documents": null,
            "policy_id": null,
            "source_json": null,
            "source_policy_documents": null,
            "statement": [
              {
                "actions": [
                  "ssm:GetParameter",
                  "ssm:GetParameters",
                  "ssm:GetParametersByPath"
                ],
                "condition": [],
                "effect": "Allow",
                "not_actions": [],
                "not_principals": [],
                "not_resources": [],
                "principals": [],
                "resources": [
                  "arn:aws:ssm:eu-west-2:339713095147:parameter/email/*"
                ],
                "sid": ""
              }
            ],
            "version": "2012-10-17"
          },
          "sensitive_attributes": []
        }
      ]
    },
    {
      "module": "module.notification_service_lambda",
      "mode": "data",
      "type": "aws_region",
      "name": "current",
      "provider": "provider[\"registry.terraform.io/hashicorp/aws\"]",
      "instances": [
        {
          "schema_version": 0,
          "attributes": {
            "description": "Europe (London)",
            "endpoint": "ec2.eu-west-2.amazonaws.com",
            "id": "eu-west-2",
            "name": "eu-west-2",
            "region": "eu-west-2"
          },
          "sensitive_attributes": []
        }
      ]
    },
    {
      "module": "module.notification_service_lambda",
      "mode": "managed",
      "type": "aws_iam_policy",
      "name": "recipeplatform_lambda_logging",
      "provider": "provider[\"registry.terraform.io/hashicorp/aws\"]",
      "instances": [
        {
          "schema_version": 0,
          "attributes": {
            "arn": "arn:aws:iam::339713095147:policy/notificationservice_cloudwatch",
            "attachment_count": 1,
            "description": "",
            "id": "arn:aws:iam::339713095147:policy/notificationservice_cloudwatch",
            "name": "notificationservice_cloudwatch",
            "name_prefix": "",
            "path": "/",
            "policy": "{\"Id\":\"AllowLambdaPushLog\",\"Statement\":[{\"Action\":[\"logs:PutLogEvents\",\"logs:CreateLogStream\",\"logs:CreateLogGroup\"],\"Effect\":\"Allow\",\"Resource\":\"arn:aws:logs:*:*:*\"}],\"Version\":\"2012-10-17\"}",
            "policy_id": "ANPAU6GD2OXVRWGXX7DJZ",
            "tags": {},
            "tags_all": {}
          },
          "sensitive_attributes": [],
          "private": "bnVsbA==",
          "dependencies": [
            "module.notification_service_lambda.data.aws_iam_policy_document.lambda_allow_logging"
          ]
        }
      ]
    },
    {
      "module": "module.notification_service_lambda",
      "mode": "managed",
      "type": "aws_iam_policy",
      "name": "recipeplatform_lambda_s3",
      "provider": "provider[\"registry.terraform.io/hashicorp/aws\"]",
      "instances": [
        {
          "schema_version": 0,
          "attributes": {
            "arn": "arn:aws:iam::339713095147:policy/notificationservice_s3",
            "attachment_count": 1,
            "description": "",
            "id": "arn:aws:iam::339713095147:policy/notificationservice_s3",
            "name": "notificationservice_s3",
            "name_prefix": "",
            "path": "/",
            "policy": "{\"Statement\":[{\"Action\":[\"s3:PutObject\",\"s3:ListBucket\",\"s3:GetObject\",\"s3:DeleteObject\"],\"Effect\":\"Allow\",\"Resource\":\"arn:aws:s3:::*\"}],\"Version\":\"2012-10-17\"}",
            "policy_id": "ANPAU6GD2OXVRVRU7YWU7",
            "tags": {},
            "tags_all": {}
          },
          "sensitive_attributes": [],
          "private": "bnVsbA==",
          "dependencies": [
            "module.notification_service_lambda.data.aws_iam_policy_document.allow_s3"
          ]
        }
      ]
    },
    {
      "module": "module.notification_service_lambda",
      "mode": "managed",
      "type": "aws_iam_role",
      "name": "recipeplatform_iam_role",
      "provider": "provider[\"registry.terraform.io/hashicorp/aws\"]",
      "instances": [
        {
          "schema_version": 0,
          "attributes": {
            "arn": "arn:aws:iam::339713095147:role/notificationservice_lambda",
            "assume_role_policy": "{\"Statement\":[{\"Action\":\"sts:AssumeRole\",\"Effect\":\"Allow\",\"Principal\":{\"Service\":\"lambda.amazonaws.com\"}}],\"Version\":\"2012-10-17\"}",
            "create_date": "2025-11-21T20:49:36Z",
            "description": "",
            "force_detach_policies": false,
            "id": "notificationservice_lambda",
            "inline_policy": [
              {
                "name": "notificationservice_dynamodb",
                "policy": "{\"Version\":\"2012-10-17\",\"Statement\":[{\"Action\":[\"dynamodb:UpdateItem\",\"dynamodb:Scan\",\"dynamodb:Query\",\"dynamodb:PutItem\",\"dynamodb:GetItem\",\"dynamodb:BatchWriteItem\",\"dynamodb:BatchGetItem\"],\"Effect\":\"Allow\",\"Resource\":[\"arn:aws:dynamodb:eu-west-2:339713095147:table/RecipesV2/index/*\",\"arn:aws:dynamodb:eu-west-2:339713095147:table/RecipesV2\",\"arn:aws:dynamodb:eu-west-2:339713095147:table/Recipes/index/*\",\"arn:aws:dynamodb:eu-west-2:339713095147:table/Recipes\"]}]}"
              }
            ],
            "managed_policy_arns": [
              "arn:aws:iam::339713095147:policy/notificationservice_cloudwatch",
              "arn:aws:iam::339713095147:policy/notificationservice_s3"
            ],
            "max_session_duration": 3600,
            "name": "notificationservice_lambda",
            "name_prefix": "",
            "path": "/",
            "permissions_boundary": "",
            "tags": {},
            "tags_all": {},
            "unique_id": "AROAU6GD2OXV3ZQGT7SLW"
          },
          "sensitive_attributes": [],
          "private": "bnVsbA==",
          "dependencies": [
            "module.notification_service_lambda.data.aws_iam_policy_document.lambda_assume_role_policy"
          ]
        }
      ]
    },
    {
      "module": "module.notification_service_lambda",
      "mode": "managed",
      "type": "aws_iam_role_policy",
      "name": "recipeplatform_lambda_dynamodb",
      "provider": "provider[\"registry.terraform.io/hashicorp/aws\"]",
      "instances": [
        {
          "schema_version": 0,
          "attributes": {
            "id": "notificationservice_lambda:notificationservice_dynamodb",
            "name": "notificationservice_dynamodb",
            "name_prefix": "",
            "policy": "{\"Version\":\"2012-10-17\",\"Statement\":[{\"Action\":[\"dynamodb:UpdateItem\",\"dynamodb:Scan\",\"dynamodb:Query\",\"dynamodb:PutItem\",\"dynamodb:GetItem\",\"dynamodb:BatchWriteItem\",\"dynamodb:BatchGetItem\"],\"Effect\":\"Allow\",\"Resource\":[\"arn:aws:dynamodb:eu-west-2:339713095147:table/RecipesV2/index/*\",\"arn:aws:dynamodb:eu-west-2:339713095147:table/RecipesV2\",\"arn:aws:dynamodb:eu-west-2:339713095147:table/Recipes/index/*\",\"arn:aws:dynamodb:eu-west-2:339713095147:table/Recipes\"]}]}",
            "role": "notificationservice_lambda"
          },
          "sensitive_attributes": [],
          "private": "bnVsbA==",
          "dependencies": [
            "module.notification_service_lambda.aws_iam_role.recipeplatform_iam_role",
            "module.notification_service_lambda.data.aws_caller_identity.current",
            "module.notification_service_lambda.data.aws_iam_policy_document.allow_dynamodb",
            "module.notification_service_lambda.data.aws_iam_policy_document.lambda_assume_role_policy",
            "module.notification_service_lambda.data.aws_region.current"
          ]
        }
      ]
    },
    {
      "module": "module.notification_service_lambda",
      "mode": "managed",
      "type": "aws_iam_role_policy",
      "name": "recipeplatform_lambda_ssm",
      "provider": "provider[\"registry.terraform.io/hashicorp/aws\"]",
      "instances": [
        {
          "schema_version": 0,
          "attributes": {
            "id": "notificationservice_lambda:notificationservice_ssm",
            "name": "notificationservice_ssm",
            "name_prefix": "",
            "policy": "{\"Version\":\"2012-10-17\",\"Statement\":[{\"Action\":[\"ssm:GetParametersByPath\",\"ssm:GetParameters\",\"ssm:GetParameter\"],\"Effect\":\"Allow\",\"Resource\":\"arn:aws:ssm:eu-west-2:339713095147:parameter/email/*\"}]}",
            "role": "notificationservice_lambda"
          },
          "sensitive_attributes": [],
          "private": "bnVsbA==",
          "dependencies": [
            "module.notification_service_lambda.aws_iam_role.recipeplatform_iam_role",
            "module.notification_service_lambda.data.aws_iam_policy_document.lambda_assume_role_policy",
            "module.notification_service_lambda.data.aws_iam_policy_document.ssm_read"
          ]
        }
      ]
    },
    {
      "module": "module.notification_service_lambda",
      "mode": "managed",
      "type": "aws_iam_role_policy_attachment",
      "name": "lambda_logging_policy_attachment",
      "provider": "provider[\"registry.terraform.io/hashicorp/aws\"]",
      "instances": [
        {
          "schema_version": 0,
          "attributes": {
            "id": "notificationservice_lambda/arn:aws:iam::339713095147:policy/notificationservice_cloudwatch",
            "policy_arn": "arn:aws:iam::339713095147:policy/notificationservice_cloudwatch",
            "role": "notificationservice_lambda"
          },
          "sensitive_attributes": [],
          "private": "bnVsbA==",
          "dependencies": [
            "module.notification_service_lambda.aws_iam_policy.recipeplatform_lambda_logging",
            "module.notification_service_lambda.aws_iam_role.recipeplatform_iam_role",
            "module.notification_service_lambda.data.aws_iam_policy_document.lambda_allow_logging",
            "module.notification_service_lambda.data.aws_iam_policy_document.lambda_assume_role_policy"
          ]
        }
      ]
    },
    {
      "module": "module.notification_service_lambda",
      "mode": "managed",
      "type": "aws_iam_role_policy_attachment",
      "name": "lambda_s3_policy_attachment",
      "provider": "provider[\"registry.terraform.io/hashicorp/aws\"]",
      "instances": [
        {
          "schema_version": 0,
          "attributes": {
            "id": "notificationservice_lambda/arn:aws:iam::339713095147:policy/notificationservice_s3",
            "policy_arn": "arn:aws:iam::339713095147:policy/notificationservice_s3",
            "role": "notificationservice_lambda"
          },
          "sensitive_attributes": [],
          "private": "bnVsbA==",
          "dependencies": [
            "module.notification_service_lambda.aws_iam_policy.recipeplatform_lambda_s3",
            "module.notification_service_lambda.aws_iam_role.recipeplatform_iam_role",
            "module.notification_service_lambda.data.aws_iam_policy_document.allow_s3",
            "module.notification_service_lambda.data.aws_iam_policy_document.lambda_assume_role_policy"
          ]
        }
      ]
    },
    {
      "module": "module.notification_service_lambda",
      "mode": "managed",
      "type": "aws_lambda_function",
      "name": "this",
      "provider": "provider[\"registry.terraform.io/hashicorp/aws\"]",
      "instances": [
        {
          "schema_version": 0,
          "attributes": {
            "architectures": [
              "x86_64"
            ],
            "arn": "arn:aws:lambda:eu-west-2:339713095147:function:recipeplatform-notificationservice",
            "code_sha256": "9l59KE2ztAycH0WDQU0epVZ6tgUtc+nlugxAANoMtIk=",
            "code_signing_config_arn": "",
            "dead_letter_config": [],
            "description": "",
            "environment": [],
            "ephemeral_storage": [
              {
                "size": 512
              }
            ],
            "file_system_config": [],
            "filename": "./../src/RecipePlatform.NotificationService/lambda.zip",
            "function_name": "recipeplatform-notificationservice",
            "handler": "RecipePlatform.NotificationService",
            "id": "recipeplatform-notificationservice",
            "image_config": [],
            "image_uri": "",
            "invoke_arn": "arn:aws:apigateway:eu-west-2:lambda:path/2015-03-31/functions/arn:aws:lambda:eu-west-2:339713095147:function:recipeplatform-notificationservice/invocations",
            "kms_key_arn": "",
            "last_modified": "2025-11-21T21:26:31.000+0000",
            "layers": [],
            "logging_config": [
              {
                "application_log_level": "",
                "log_format": "Text",
                "log_group": "/aws/lambda/recipeplatform-notificationservice",
                "system_log_level": ""
              }
            ],
            "memory_size": 512,
            "package_type": "Zip",
            "publish": true,
            "qualified_arn": "arn:aws:lambda:eu-west-2:339713095147:function:recipeplatform-notificationservice:4",
            "qualified_invoke_arn": "arn:aws:apigateway:eu-west-2:lambda:path/2015-03-31/functions/arn:aws:lambda:eu-west-2:339713095147:function:recipeplatform-notificationservice:4/invocations",
            "region": "eu-west-2",
            "replace_security_groups_on_destroy": null,
            "replacement_security_group_ids": null,
            "reserved_concurrent_executions": -1,
            "role": "arn:aws:iam::339713095147:role/notificationservice_lambda",
            "runtime": "dotnet8",
            "s3_bucket": null,
            "s3_key": null,
            "s3_object_version": null,
            "signing_job_arn": "",
            "signing_profile_version_arn": "",
            "skip_destroy": false,
            "snap_start": [],
            "source_code_hash": "9l59KE2ztAycH0WDQU0epVZ6tgUtc+nlugxAANoMtIk=",
            "source_code_size": 1426889,
            "source_kms_key_arn": "",
            "tags": {},
            "tags_all": {},
            "timeout": 15,
            "timeouts": null,
            "tracing_config": [
              {
                "mode": "PassThrough"
              }
            ],
            "version": "4",
            "vpc_config": []
          },
          "sensitive_attributes": [],
          "private": "eyJlMmJmYjczMC1lY2FhLTExZTYtOGY4OC0zNDM2M2JjN2M0YzAiOnsiY3JlYXRlIjo2MDAwMDAwMDAwMDAsImRlbGV0ZSI6NjAwMDAwMDAwMDAwLCJ1cGRhdGUiOjYwMDAwMDAwMDAwMH19",
          "dependencies": [
            "module.notification_service_lambda.aws_iam_policy.recipeplatform_lambda_logging",
            "module.notification_service_lambda.aws_iam_policy.recipeplatform_lambda_s3",
            "module.notification_service_lambda.aws_iam_role.recipeplatform_iam_role",
            "module.notification_service_lambda.aws_iam_role_policy_attachment.lambda_logging_policy_attachment",
            "module.notification_service_lambda.aws_iam_role_policy_attachment.lambda_s3_policy_attachment",
            "module.notification_service_lambda.data.archive_file.this",
            "module.notification_service_lambda.data.aws_iam_policy_document.allow_s3",
            "module.notification_service_lambda.data.aws_iam_policy_document.lambda_allow_logging",
            "module.notification_service_lambda.data.aws_iam_policy_document.lambda_assume_role_policy",
            "null_resource.build_notificationservice_lambda"
          ]
        }
      ]
    },
    {
      "module": "module.notification_service_lambda",
      "mode": "managed",
      "type": "aws_lambda_function_url",
      "name": "this",
      "provider": "provider[\"registry.terraform.io/hashicorp/aws\"]",
      "instances": [
        {
          "schema_version": 0,
          "attributes": {
            "authorization_type": "NONE",
            "cors": [],
            "function_arn": "arn:aws:lambda:eu-west-2:339713095147:function:recipeplatform-notificationservice",
            "function_name": "recipeplatform-notificationservice",
            "function_url": "https://poyd7k3mayjqzfuf3omb2htdni0cwduu.lambda-url.eu-west-2.on.aws/",
            "id": "recipeplatform-notificationservice",
            "invoke_mode": "BUFFERED",
            "qualifier": "",
            "region": "eu-west-2",
            "timeouts": null,
            "url_id": "poyd7k3mayjqzfuf3omb2htdni0cwduu"
          },
          "sensitive_attributes": [],
          "private": "eyJlMmJmYjczMC1lY2FhLTExZTYtOGY4OC0zNDM2M2JjN2M0YzAiOnsiY3JlYXRlIjo2MDAwMDAwMDAwMDB9fQ==",
          "dependencies": [
            "module.notification_service_lambda.aws_iam_policy.recipeplatform_lambda_logging",
            "module.notification_service_lambda.aws_iam_policy.recipeplatform_lambda_s3",
            "module.notification_service_lambda.aws_iam_role.recipeplatform_iam_role",
            "module.notification_service_lambda.aws_iam_role_policy_attachment.lambda_logging_policy_attachment",
            "module.notification_service_lambda.aws_iam_role_policy_attachment.lambda_s3_policy_attachment",
            "module.notification_service_lambda.aws_lambda_function.this",
            "module.notification_service_lambda.data.archive_file.this",
            "module.notification_service_lambda.data.aws_iam_policy_document.allow_s3",
            "module.notification_service_lambda.data.aws_iam_policy_document.lambda_allow_logging",
            "module.notification_service_lambda.data.aws_iam_policy_document.lambda_assume_role_policy",
            "null_resource.build_notificationservice_lambda"
          ]
        }
      ]
    }
  ],
  "check_results": null
}
